
Microsoft Visual Studio Solution File, Format Version 12.00
# Visual Studio Version 17
VisualStudioVersion = 17.8.34525.116
MinimumVisualStudioVersion = 10.0.40219.1
Project("{FAE04EC0-301F-11D3-BF4B-00C04F79EFBC}") = "GreetingApp", "GreetingApp\GreetingApp.csproj", "{1476780D-1B3F-424C-9CAF-D2D3A288D882}"
EndProject
Global
	GlobalSection(SolutionConfigurationPlatforms) = preSolution
		Debug|Any CPU = Debug|Any CPU
		Release|Any CPU = Release|Any CPU
	EndGlobalSection
	GlobalSection(ProjectConfigurationPlatforms) = postSolution
		{1476780D-1B3F-424C-9CAF-D2D3A288D882}.Debug|Any CPU.ActiveCfg = Debug|Any CPU
		{1476780D-1B3F-424C-9CAF-D2D3A288D882}.Debug|Any CPU.Build.0 = Debug|Any CPU
		{1476780D-1B3F-424C-9CAF-D2D3A288D882}.Release|Any CPU.ActiveCfg = Release|Any CPU
		{1476780D-1B3F-424C-9CAF-D2D3A288D882}.Release|Any CPU.Build.0 = Release|Any CPU
	EndGlobalSection
	GlobalSection(SolutionProperties) = preSolution
		HideSolutionNode = FALSE
	EndGlobalSection
	GlobalSection(ExtensibilityGlobals) = postSolution
		SolutionGuid = {60058E40-FA51-4371-A373-68ABC59E09D0}
	EndGlobalSection
EndGlobal
